
Microsoft Visual Studio Solution File, Format Version 12.00
# Visual Studio Version 16
VisualStudioVersion = 16.0.29905.134
MinimumVisualStudioVersion = 10.0.40219.1
Project("{9A19103F-16F7-4668-BE54-9A1E7A4F7556}") = "EShop.Web", "EShop.Web\EShop.Web.csproj", "{8F648917-2F0F-4530-8A8E-84759D4C2D0B}"
EndProject
Project("{FAE04EC0-301F-11D3-BF4B-00C04F79EFBC}") = "ShopSolution.Data", "ShopSolution.Data\ShopSolution.Data.csproj", "{C047705E-ED38-4B10-91A1-BEF81663B047}"
EndProject
Project("{FAE04EC0-301F-11D3-BF4B-00C04F79EFBC}") = "ShopSolution.ApplicationService", "ShopSolution.ApplicationService\ShopSolution.ApplicationService.csproj", "{62DC57D1-A8B8-4D5F-B666-37D8E5FB4591}"
EndProject
Global
	GlobalSection(SolutionConfigurationPlatforms) = preSolution
		Debug|Any CPU = Debug|Any CPU
		Release|Any CPU = Release|Any CPU
	EndGlobalSection
	GlobalSection(ProjectConfigurationPlatforms) = postSolution
		{8F648917-2F0F-4530-8A8E-84759D4C2D0B}.Debug|Any CPU.ActiveCfg = Debug|Any CPU
		{8F648917-2F0F-4530-8A8E-84759D4C2D0B}.Debug|Any CPU.Build.0 = Debug|Any CPU
		{8F648917-2F0F-4530-8A8E-84759D4C2D0B}.Release|Any CPU.ActiveCfg = Release|Any CPU
		{8F648917-2F0F-4530-8A8E-84759D4C2D0B}.Release|Any CPU.Build.0 = Release|Any CPU
		{C047705E-ED38-4B10-91A1-BEF81663B047}.Debug|Any CPU.ActiveCfg = Debug|Any CPU
		{C047705E-ED38-4B10-91A1-BEF81663B047}.Debug|Any CPU.Build.0 = Debug|Any CPU
		{C047705E-ED38-4B10-91A1-BEF81663B047}.Release|Any CPU.ActiveCfg = Release|Any CPU
		{C047705E-ED38-4B10-91A1-BEF81663B047}.Release|Any CPU.Build.0 = Release|Any CPU
		{62DC57D1-A8B8-4D5F-B666-37D8E5FB4591}.Debug|Any CPU.ActiveCfg = Debug|Any CPU
		{62DC57D1-A8B8-4D5F-B666-37D8E5FB4591}.Debug|Any CPU.Build.0 = Debug|Any CPU
		{62DC57D1-A8B8-4D5F-B666-37D8E5FB4591}.Release|Any CPU.ActiveCfg = Release|Any CPU
		{62DC57D1-A8B8-4D5F-B666-37D8E5FB4591}.Release|Any CPU.Build.0 = Release|Any CPU
	EndGlobalSection
	GlobalSection(SolutionProperties) = preSolution
		HideSolutionNode = FALSE
	EndGlobalSection
	GlobalSection(ExtensibilityGlobals) = postSolution
		SolutionGuid = {504F0AAE-DF22-44F5-8B69-3B6E4A67AF22}
	EndGlobalSection
EndGlobal
